
Microsoft Visual Studio Solution File, Format Version 12.00
# Visual Studio Version 16
VisualStudioVersion = 16.0.29609.76
MinimumVisualStudioVersion = 10.0.40219.1
Project("{FAE04EC0-301F-11D3-BF4B-00C04F79EFBC}") = "Base", "Base\Base.csproj", "{1806E4E6-EFF7-48C8-9331-70DDD7103977}"
EndProject
Project("{2150E333-8FDC-42A3-9474-1A3956D46DE8}") = "Tests", "Tests", "{22A452B3-DF01-4384-A9BE-FB1F6EE2EEC2}"
EndProject
Project("{FAE04EC0-301F-11D3-BF4B-00C04F79EFBC}") = "Tests.Base", "Tests.Base\Tests.Base.csproj", "{88159231-53F9-48DB-923D-21C5FA1C56B3}"
EndProject
Global
	GlobalSection(SolutionConfigurationPlatforms) = preSolution
		Debug|Any CPU = Debug|Any CPU
		Release|Any CPU = Release|Any CPU
	EndGlobalSection
	GlobalSection(ProjectConfigurationPlatforms) = postSolution
		{1806E4E6-EFF7-48C8-9331-70DDD7103977}.Debug|Any CPU.ActiveCfg = Debug|Any CPU
		{1806E4E6-EFF7-48C8-9331-70DDD7103977}.Debug|Any CPU.Build.0 = Debug|Any CPU
		{1806E4E6-EFF7-48C8-9331-70DDD7103977}.Release|Any CPU.ActiveCfg = Release|Any CPU
		{1806E4E6-EFF7-48C8-9331-70DDD7103977}.Release|Any CPU.Build.0 = Release|Any CPU
		{88159231-53F9-48DB-923D-21C5FA1C56B3}.Debug|Any CPU.ActiveCfg = Debug|Any CPU
		{88159231-53F9-48DB-923D-21C5FA1C56B3}.Debug|Any CPU.Build.0 = Debug|Any CPU
		{88159231-53F9-48DB-923D-21C5FA1C56B3}.Release|Any CPU.ActiveCfg = Release|Any CPU
		{88159231-53F9-48DB-923D-21C5FA1C56B3}.Release|Any CPU.Build.0 = Release|Any CPU
	EndGlobalSection
	GlobalSection(SolutionProperties) = preSolution
		HideSolutionNode = FALSE
	EndGlobalSection
	GlobalSection(NestedProjects) = preSolution
		{88159231-53F9-48DB-923D-21C5FA1C56B3} = {22A452B3-DF01-4384-A9BE-FB1F6EE2EEC2}
	EndGlobalSection
	GlobalSection(ExtensibilityGlobals) = postSolution
		SolutionGuid = {B773AE6C-0EFE-49DA-BFDE-4ECED2234671}
	EndGlobalSection
EndGlobal
