
Microsoft Visual Studio Solution File, Format Version 12.00
# Visual Studio Version 16
VisualStudioVersion = 16.0.29519.87
MinimumVisualStudioVersion = 10.0.40219.1
Project("{2150E333-8FDC-42A3-9474-1A3956D46DE8}") = "01", "01", "{62BED801-6BC6-4C18-8A61-9A6ADDB8C536}"
EndProject
Project("{9A19103F-16F7-4668-BE54-9A1E7A4F7556}") = "ConsoleApp1", "ConsoleApp1\ConsoleApp1.csproj", "{DF0A5B2C-913D-4633-9C6E-67BBD80FB293}"
EndProject
Project("{9A19103F-16F7-4668-BE54-9A1E7A4F7556}") = "ConsoleApp2", "ConsoleApp2\ConsoleApp2.csproj", "{291979B9-8660-46EC-ABA2-A01197078008}"
EndProject
Project("{9A19103F-16F7-4668-BE54-9A1E7A4F7556}") = "ConsoleApp3", "ConsoleApp3\ConsoleApp3.csproj", "{4B74D5DF-AC45-412D-B740-6225F5BB94E7}"
EndProject
Project("{9A19103F-16F7-4668-BE54-9A1E7A4F7556}") = "ConsoleApp4", "ConsoleApp4\ConsoleApp4.csproj", "{E06BBA71-7F62-4E8F-AF1E-4E2F8F3AF577}"
EndProject
Project("{9A19103F-16F7-4668-BE54-9A1E7A4F7556}") = "ConsoleApp5", "ConsoleApp5\ConsoleApp5.csproj", "{C79D2947-470C-4F07-B2F9-30F1EECDEDE2}"
EndProject
Project("{2150E333-8FDC-42A3-9474-1A3956D46DE8}") = "Tests", "Tests", "{8F92AF5F-BC89-46EB-AF17-1DB518E79B18}"
EndProject
Project("{9A19103F-16F7-4668-BE54-9A1E7A4F7556}") = "ConsoleApp999", "ConsoleApp999\ConsoleApp999.csproj", "{416D96AC-85E7-483B-8026-E31AF23B391D}"
EndProject
Project("{2150E333-8FDC-42A3-9474-1A3956D46DE8}") = "07", "07", "{9C3E2D4B-AD2D-4D9D-AD68-A57D69A30A74}"
EndProject
Project("{FAE04EC0-301F-11D3-BF4B-00C04F79EFBC}") = "ConsoleApp6", "ConsoleApp6\ConsoleApp6.csproj", "{ED7D2048-929C-4633-ABD2-1FE073B18E59}"
EndProject
Project("{FAE04EC0-301F-11D3-BF4B-00C04F79EFBC}") = "ClassLibrary1", "ClassLibrary1\ClassLibrary1.csproj", "{24273522-B10E-40FA-92AB-EEA297284C26}"
EndProject
Global
	GlobalSection(SolutionConfigurationPlatforms) = preSolution
		Debug|Any CPU = Debug|Any CPU
		Release|Any CPU = Release|Any CPU
	EndGlobalSection
	GlobalSection(ProjectConfigurationPlatforms) = postSolution
		{DF0A5B2C-913D-4633-9C6E-67BBD80FB293}.Debug|Any CPU.ActiveCfg = Debug|Any CPU
		{DF0A5B2C-913D-4633-9C6E-67BBD80FB293}.Debug|Any CPU.Build.0 = Debug|Any CPU
		{DF0A5B2C-913D-4633-9C6E-67BBD80FB293}.Release|Any CPU.ActiveCfg = Release|Any CPU
		{DF0A5B2C-913D-4633-9C6E-67BBD80FB293}.Release|Any CPU.Build.0 = Release|Any CPU
		{291979B9-8660-46EC-ABA2-A01197078008}.Debug|Any CPU.ActiveCfg = Debug|Any CPU
		{291979B9-8660-46EC-ABA2-A01197078008}.Debug|Any CPU.Build.0 = Debug|Any CPU
		{291979B9-8660-46EC-ABA2-A01197078008}.Release|Any CPU.ActiveCfg = Release|Any CPU
		{291979B9-8660-46EC-ABA2-A01197078008}.Release|Any CPU.Build.0 = Release|Any CPU
		{4B74D5DF-AC45-412D-B740-6225F5BB94E7}.Debug|Any CPU.ActiveCfg = Debug|Any CPU
		{4B74D5DF-AC45-412D-B740-6225F5BB94E7}.Debug|Any CPU.Build.0 = Debug|Any CPU
		{4B74D5DF-AC45-412D-B740-6225F5BB94E7}.Release|Any CPU.ActiveCfg = Release|Any CPU
		{4B74D5DF-AC45-412D-B740-6225F5BB94E7}.Release|Any CPU.Build.0 = Release|Any CPU
		{E06BBA71-7F62-4E8F-AF1E-4E2F8F3AF577}.Debug|Any CPU.ActiveCfg = Debug|Any CPU
		{E06BBA71-7F62-4E8F-AF1E-4E2F8F3AF577}.Debug|Any CPU.Build.0 = Debug|Any CPU
		{E06BBA71-7F62-4E8F-AF1E-4E2F8F3AF577}.Release|Any CPU.ActiveCfg = Release|Any CPU
		{E06BBA71-7F62-4E8F-AF1E-4E2F8F3AF577}.Release|Any CPU.Build.0 = Release|Any CPU
		{C79D2947-470C-4F07-B2F9-30F1EECDEDE2}.Debug|Any CPU.ActiveCfg = Debug|Any CPU
		{C79D2947-470C-4F07-B2F9-30F1EECDEDE2}.Debug|Any CPU.Build.0 = Debug|Any CPU
		{C79D2947-470C-4F07-B2F9-30F1EECDEDE2}.Release|Any CPU.ActiveCfg = Release|Any CPU
		{C79D2947-470C-4F07-B2F9-30F1EECDEDE2}.Release|Any CPU.Build.0 = Release|Any CPU
		{416D96AC-85E7-483B-8026-E31AF23B391D}.Debug|Any CPU.ActiveCfg = Debug|Any CPU
		{416D96AC-85E7-483B-8026-E31AF23B391D}.Debug|Any CPU.Build.0 = Debug|Any CPU
		{416D96AC-85E7-483B-8026-E31AF23B391D}.Release|Any CPU.ActiveCfg = Release|Any CPU
		{416D96AC-85E7-483B-8026-E31AF23B391D}.Release|Any CPU.Build.0 = Release|Any CPU
		{ED7D2048-929C-4633-ABD2-1FE073B18E59}.Debug|Any CPU.ActiveCfg = Debug|Any CPU
		{ED7D2048-929C-4633-ABD2-1FE073B18E59}.Debug|Any CPU.Build.0 = Debug|Any CPU
		{ED7D2048-929C-4633-ABD2-1FE073B18E59}.Release|Any CPU.ActiveCfg = Release|Any CPU
		{ED7D2048-929C-4633-ABD2-1FE073B18E59}.Release|Any CPU.Build.0 = Release|Any CPU
		{24273522-B10E-40FA-92AB-EEA297284C26}.Debug|Any CPU.ActiveCfg = Debug|Any CPU
		{24273522-B10E-40FA-92AB-EEA297284C26}.Debug|Any CPU.Build.0 = Debug|Any CPU
		{24273522-B10E-40FA-92AB-EEA297284C26}.Release|Any CPU.ActiveCfg = Release|Any CPU
		{24273522-B10E-40FA-92AB-EEA297284C26}.Release|Any CPU.Build.0 = Release|Any CPU
	EndGlobalSection
	GlobalSection(SolutionProperties) = preSolution
		HideSolutionNode = FALSE
	EndGlobalSection
	GlobalSection(NestedProjects) = preSolution
		{DF0A5B2C-913D-4633-9C6E-67BBD80FB293} = {62BED801-6BC6-4C18-8A61-9A6ADDB8C536}
		{291979B9-8660-46EC-ABA2-A01197078008} = {62BED801-6BC6-4C18-8A61-9A6ADDB8C536}
		{4B74D5DF-AC45-412D-B740-6225F5BB94E7} = {62BED801-6BC6-4C18-8A61-9A6ADDB8C536}
		{E06BBA71-7F62-4E8F-AF1E-4E2F8F3AF577} = {62BED801-6BC6-4C18-8A61-9A6ADDB8C536}
		{C79D2947-470C-4F07-B2F9-30F1EECDEDE2} = {62BED801-6BC6-4C18-8A61-9A6ADDB8C536}
		{416D96AC-85E7-483B-8026-E31AF23B391D} = {8F92AF5F-BC89-46EB-AF17-1DB518E79B18}
		{ED7D2048-929C-4633-ABD2-1FE073B18E59} = {9C3E2D4B-AD2D-4D9D-AD68-A57D69A30A74}
		{24273522-B10E-40FA-92AB-EEA297284C26} = {9C3E2D4B-AD2D-4D9D-AD68-A57D69A30A74}
	EndGlobalSection
	GlobalSection(ExtensibilityGlobals) = postSolution
		SolutionGuid = {75E1853A-1999-4BAF-A531-12F5C3A41AAF}
	EndGlobalSection
EndGlobal
