
Microsoft Visual Studio Solution File, Format Version 12.00
# Visual Studio Version 16
VisualStudioVersion = 16.0.30413.136
MinimumVisualStudioVersion = 10.0.40219.1
Project("{FAE04EC0-301F-11D3-BF4B-00C04F79EFBC}") = "csharp-codewars-katas", "csharp-codewars-katas.csproj", "{4C2F4DDC-A703-441E-9113-E8824DC47994}"
EndProject
Project("{FAE04EC0-301F-11D3-BF4B-00C04F79EFBC}") = "csharp-codewars-katas-test", "..\csharp-codewars-katas-test\csharp-codewars-katas-test.csproj", "{83A5527D-164A-43FF-B095-5E2957656132}"
EndProject
Global
	GlobalSection(SolutionConfigurationPlatforms) = preSolution
		Debug|Any CPU = Debug|Any CPU
		Release|Any CPU = Release|Any CPU
	EndGlobalSection
	GlobalSection(ProjectConfigurationPlatforms) = postSolution
		{4C2F4DDC-A703-441E-9113-E8824DC47994}.Debug|Any CPU.ActiveCfg = Debug|Any CPU
		{4C2F4DDC-A703-441E-9113-E8824DC47994}.Debug|Any CPU.Build.0 = Debug|Any CPU
		{4C2F4DDC-A703-441E-9113-E8824DC47994}.Release|Any CPU.ActiveCfg = Release|Any CPU
		{4C2F4DDC-A703-441E-9113-E8824DC47994}.Release|Any CPU.Build.0 = Release|Any CPU
		{83A5527D-164A-43FF-B095-5E2957656132}.Debug|Any CPU.ActiveCfg = Debug|Any CPU
		{83A5527D-164A-43FF-B095-5E2957656132}.Debug|Any CPU.Build.0 = Debug|Any CPU
		{83A5527D-164A-43FF-B095-5E2957656132}.Release|Any CPU.ActiveCfg = Release|Any CPU
		{83A5527D-164A-43FF-B095-5E2957656132}.Release|Any CPU.Build.0 = Release|Any CPU
	EndGlobalSection
	GlobalSection(SolutionProperties) = preSolution
		HideSolutionNode = FALSE
	EndGlobalSection
	GlobalSection(ExtensibilityGlobals) = postSolution
		SolutionGuid = {98935F18-19F3-41A8-89F6-E0152A314372}
	EndGlobalSection
EndGlobal
