
Microsoft Visual Studio Solution File, Format Version 12.00
# Visual Studio Version 16
VisualStudioVersion = 16.0.29609.76
MinimumVisualStudioVersion = 10.0.40219.1
Project("{FAE04EC0-301F-11D3-BF4B-00C04F79EFBC}") = "ElemetaryStage", "ElemetaryStage\ElemetaryStage.csproj", "{5CCA4842-DAD5-4451-8879-B4EF286BD87E}"
EndProject
Project("{FAE04EC0-301F-11D3-BF4B-00C04F79EFBC}") = "ElemetaryStage.Tests", "ElemetaryStage.Tests\ElemetaryStage.Tests.csproj", "{16509D5D-34BD-45CE-8563-2BA1EBE4A5E6}"
EndProject
Project("{2150E333-8FDC-42A3-9474-1A3956D46DE8}") = "Tests", "Tests", "{2A679699-3385-4860-A13F-6E8B70C4A5C5}"
EndProject
Global
	GlobalSection(SolutionConfigurationPlatforms) = preSolution
		Debug|Any CPU = Debug|Any CPU
		Release|Any CPU = Release|Any CPU
	EndGlobalSection
	GlobalSection(ProjectConfigurationPlatforms) = postSolution
		{5CCA4842-DAD5-4451-8879-B4EF286BD87E}.Debug|Any CPU.ActiveCfg = Debug|Any CPU
		{5CCA4842-DAD5-4451-8879-B4EF286BD87E}.Debug|Any CPU.Build.0 = Debug|Any CPU
		{5CCA4842-DAD5-4451-8879-B4EF286BD87E}.Release|Any CPU.ActiveCfg = Release|Any CPU
		{5CCA4842-DAD5-4451-8879-B4EF286BD87E}.Release|Any CPU.Build.0 = Release|Any CPU
		{16509D5D-34BD-45CE-8563-2BA1EBE4A5E6}.Debug|Any CPU.ActiveCfg = Debug|Any CPU
		{16509D5D-34BD-45CE-8563-2BA1EBE4A5E6}.Debug|Any CPU.Build.0 = Debug|Any CPU
		{16509D5D-34BD-45CE-8563-2BA1EBE4A5E6}.Release|Any CPU.ActiveCfg = Release|Any CPU
		{16509D5D-34BD-45CE-8563-2BA1EBE4A5E6}.Release|Any CPU.Build.0 = Release|Any CPU
	EndGlobalSection
	GlobalSection(SolutionProperties) = preSolution
		HideSolutionNode = FALSE
	EndGlobalSection
	GlobalSection(NestedProjects) = preSolution
		{16509D5D-34BD-45CE-8563-2BA1EBE4A5E6} = {2A679699-3385-4860-A13F-6E8B70C4A5C5}
	EndGlobalSection
	GlobalSection(ExtensibilityGlobals) = postSolution
		SolutionGuid = {B662EF9E-33C3-4881-B322-A6EF01FCCF4D}
	EndGlobalSection
EndGlobal
